// !$*UTF8*$!
{
	archiveVersion = 1;
	classes = {
	};
	objectVersion = 46;
	objects = {

/* Begin PBXBuildFile section */
		13CBBF501E10E12500B044AA /* AppDelegate.swift in Sources */ = {isa = PBXBuildFile; fileRef = 13CBBF4F1E10E12500B044AA /* AppDelegate.swift */; };
		13CBBF521E10E12500B044AA /* ViewController.swift in Sources */ = {isa = PBXBuildFile; fileRef = 13CBBF511E10E12500B044AA /* ViewController.swift */; };
		13CBBF551E10E12500B044AA /* Main.storyboard in Resources */ = {isa = PBXBuildFile; fileRef = 13CBBF531E10E12500B044AA /* Main.storyboard */; };
		13CBBF571E10E12500B044AA /* Assets.xcassets in Resources */ = {isa = PBXBuildFile; fileRef = 13CBBF561E10E12500B044AA /* Assets.xcassets */; };
		13CBBF5A1E10E12500B044AA /* LaunchScreen.storyboard in Resources */ = {isa = PBXBuildFile; fileRef = 13CBBF581E10E12500B044AA /* LaunchScreen.storyboard */; };
/* End PBXBuildFile section */

/* Begin PBXFileReference section */
		13CBBF4C1E10E12500B044AA /* Msg-Notification.app */ = {isa = PBXFileReference; explicitFileType = wrapper.application; includeInIndex = 0; path = "Msg-Notification.app"; sourceTree = BUILT_PRODUCTS_DIR; };
		13CBBF4F1E10E12500B044AA /* AppDelegate.swift */ = {isa = PBXFileReference; lastKnownFileType = sourcecode.swift; path = AppDelegate.swift; sourceTree = "<group>"; };
		13CBBF511E10E12500B044AA /* ViewController.swift */ = {isa = PBXFileReference; lastKnownFileType = sourcecode.swift; path = ViewController.swift; sourceTree = "<group>"; };
		13CBBF541E10E12500B044AA /* Base */ = {isa = PBXFileReference; lastKnownFileType = file.storyboard; name = Base; path = Base.lproj/Main.storyboard; sourceTree = "<group>"; };
		13CBBF561E10E12500B044AA /* Assets.xcassets */ = {isa = PBXFileReference; lastKnownFileType = folder.assetcatalog; path = Assets.xcassets; sourceTree = "<group>"; };
		13CBBF591E10E12500B044AA /* Base */ = {isa = PBXFileReference; lastKnownFileType = file.storyboard; name = Base; path = Base.lproj/LaunchScreen.storyboard; sourceTree = "<group>"; };
		13CBBF5B1E10E12500B044AA /* Info.plist */ = {isa = PBXFileReference; lastKnownFileType = text.plist.xml; path = Info.plist; sourceTree = "<group>"; };
/* End PBXFileReference section */

/* Begin PBXFrameworksBuildPhase section */
		13CBBF491E10E12500B044AA /* Frameworks */ = {
			isa = PBXFrameworksBuildPhase;
			buildActionMask = 2147483647;
			files = (
			);
			runOnlyForDeploymentPostprocessing = 0;
		};
/* End PBXFrameworksBuildPhase section */

/* Begin PBXGroup section */
		13CBBF431E10E12400B044AA = {
			isa = PBXGroup;
			children = (
				13CBBF4E1E10E12500B044AA /* Msg-Notification */,
				13CBBF4D1E10E12500B044AA /* Products */,
			);
			sourceTree = "<group>";
		};
		13CBBF4D1E10E12500B044AA /* Products */ = {
			isa = PBXGroup;
			children = (
				13CBBF4C1E10E12500B044AA /* Msg-Notification.app */,
			);
			name = Products;
			sourceTree = "<group>";
		};
		13CBBF4E1E10E12500B044AA /* Msg-Notification */ = {
			isa = PBXGroup;
			children = (
				13CBBF4F1E10E12500B044AA /* AppDelegate.swift */,
				13CBBF511E10E12500B044AA /* ViewController.swift */,
				13CBBF531E10E12500B044AA /* Main.storyboard */,
				13CBBF561E10E12500B044AA /* Assets.xcassets */,
				13CBBF581E10E12500B044AA /* LaunchScreen.storyboard */,
				13CBBF5B1E10E12500B044AA /* Info.plist */,
			);
			path = "Msg-Notification";
			sourceTree = "<group>";
		};
/* End PBXGroup section */

/* Begin PBXNativeTarget section */
		13CBBF4B1E10E12500B044AA /* Msg-Notification */ = {
			isa = PBXNativeTarget;
			buildConfigurationList = 13CBBF5E1E10E12500B044AA /* Build configuration list for PBXNativeTarget "Msg-Notification" */;
			buildPhases = (
				13CBBF481E10E12500B044AA /* Sources */,
				13CBBF491E10E12500B044AA /* Frameworks */,
				13CBBF4A1E10E12500B044AA /* Resources */,
			);
			buildRules = (
			);
			dependencies = (
			);
			name = "Msg-Notification";
			productName = "Msg-Notification";
			productReference = 13CBBF4C1E10E12500B044AA /* Msg-Notification.app */;
			productType = "com.apple.product-type.application";
		};
/* End PBXNativeTarget section */

/* Begin PBXProject section */
		13CBBF441E10E12400B044AA /* Project object */ = {
			isa = PBXProject;
			attributes = {
				LastSwiftUpdateCheck = 0820;
				LastUpgradeCheck = 0820;
				ORGANIZATIONNAME = "JaeBaek Lee";
				TargetAttributes = {
					13CBBF4B1E10E12500B044AA = {
						CreatedOnToolsVersion = 8.2.1;
						ProvisioningStyle = Automatic;
					};
				};
			};
			buildConfigurationList = 13CBBF471E10E12400B044AA /* Build configuration list for PBXProject "Msg-Notification" */;
			compatibilityVersion = "Xcode 3.2";
			developmentRegion = English;
			hasScannedForEncodings = 0;
			knownRegions = (
				en,
				Base,
			);
			mainGroup = 13CBBF431E10E12400B044AA;
			productRefGroup = 13CBBF4D1E10E12500B044AA /* Products */;
			projectDirPath = "";
			projectRoot = "";
			targets = (
				13CBBF4B1E10E12500B044AA /* Msg-Notification */,
			);
		};
/* End PBXProject section */

/* Begin PBXResourcesBuildPhase section */
		13CBBF4A1E10E12500B044AA /* Resources */ = {
			isa = PBXResourcesBuildPhase;
			buildActionMask = 2147483647;
			files = (
				13CBBF5A1E10E12500B044AA /* LaunchScreen.storyboard in Resources */,
				13CBBF571E10E12500B044AA /* Assets.xcassets in Resources */,
				13CBBF551E10E12500B044AA /* Main.storyboard in Resources */,
			);
			runOnlyForDeploymentPostprocessing = 0;
		};
/* End PBXResourcesBuildPhase section */

/* Begin PBXSourcesBuildPhase section */
		13CBBF481E10E12500B044AA /* Sources */ = {
			isa = PBXSourcesBuildPhase;
			buildActionMask = 2147483647;
			files = (
				13CBBF521E10E12500B044AA /* ViewController.swift in Sources */,
				13CBBF501E10E12500B044AA /* AppDelegate.swift in Sources */,
			);
			runOnlyForDeploymentPostprocessing = 0;
		};
/* End PBXSourcesBuildPhase section */

/* Begin PBXVariantGroup section */
		13CBBF531E10E12500B044AA /* Main.storyboard */ = {
			isa = PBXVariantGroup;
			children = (
				13CBBF541E10E12500B044AA /* Base */,
			);
			name = Main.storyboard;
			sourceTree = "<group>";
		};
		13CBBF581E10E12500B044AA /* LaunchScreen.storyboard */ = {
			isa = PBXVariantGroup;
			children = (
				13CBBF591E10E12500B044AA /* Base */,
			);
			name = LaunchScreen.storyboard;
			sourceTree = "<group>";
		};
/* End PBXVariantGroup section */

/* Begin XCBuildConfiguration section */
		13CBBF5C1E10E12500B044AA /* Debug */ = {
			isa = XCBuildConfiguration;
			buildSettings = {
				ALWAYS_SEARCH_USER_PATHS = NO;
				CLANG_ANALYZER_NONNULL = YES;
				CLANG_CXX_LANGUAGE_STANDARD = "gnu++0x";
				CLANG_CXX_LIBRARY = "libc++";
				CLANG_ENABLE_MODULES = YES;
				CLANG_ENABLE_OBJC_ARC = YES;
				CLANG_WARN_BOOL_CONVERSION = YES;
				CLANG_WARN_CONSTANT_CONVERSION = YES;
				CLANG_WARN_DIRECT_OBJC_ISA_USAGE = YES_ERROR;
				CLANG_WARN_DOCUMENTATION_COMMENTS = YES;
				CLANG_WARN_EMPTY_BODY = YES;
				CLANG_WARN_ENUM_CONVERSION = YES;
				CLANG_WARN_INFINITE_RECURSION = YES;
				CLANG_WARN_INT_CONVERSION = YES;
				CLANG_WARN_OBJC_ROOT_CLASS = YES_ERROR;
				CLANG_WARN_SUSPICIOUS_MOVE = YES;
				CLANG_WARN_UNREACHABLE_CODE = YES;
				CLANG_WARN__DUPLICATE_METHOD_MATCH = YES;
				"CODE_SIGN_IDENTITY[sdk=iphoneos*]" = "iPhone Developer";
				COPY_PHASE_STRIP = NO;
				DEBUG_INFORMATION_FORMAT = dwarf;
				ENABLE_STRICT_OBJC_MSGSEND = YES;
				ENABLE_TESTABILITY = YES;
				GCC_C_LANGUAGE_STANDARD = gnu99;
				GCC_DYNAMIC_NO_PIC = NO;
				GCC_NO_COMMON_BLOCKS = YES;
				GCC_OPTIMIZATION_LEVEL = 0;
				GCC_PREPROCESSOR_DEFINITIONS = (
					"DEBUG=1",
					"$(inherited)",
				);
				GCC_WARN_64_TO_32_BIT_CONVERSION = YES;
				GCC_WARN_ABOUT_RETURN_TYPE = YES_ERROR;
				GCC_WARN_UNDECLARED_SELECTOR = YES;
				GCC_WARN_UNINITIALIZED_AUTOS = YES_AGGRESSIVE;
				GCC_WARN_UNUSED_FUNCTION = YES;
				GCC_WARN_UNUSED_VARIABLE = YES;
				IPHONEOS_DEPLOYMENT_TARGET = 10.2;
				MTL_ENABLE_DEBUG_INFO = YES;
				ONLY_ACTIVE_ARCH = YES;
				SDKROOT = iphoneos;
				SWIFT_ACTIVE_COMPILATION_CONDITIONS = DEBUG;
				SWIFT_OPTIMIZATION_LEVEL = "-Onone";
			};
			name = Debug;
		};
		13CBBF5D1E10E12500B044AA /* Release */ = {
			isa = XCBuildConfiguration;
			buildSettings = {
				ALWAYS_SEARCH_USER_PATHS = NO;
				CLANG_ANALYZER_NONNULL = YES;
				CLANG_CXX_LANGUAGE_STANDARD = "gnu++0x";
				CLANG_CXX_LIBRARY = "libc++";
				CLANG_ENABLE_MODULES = YES;
				CLANG_ENABLE_OBJC_ARC = YES;
				CLANG_WARN_BOOL_CONVERSION = YES;
				CLANG_WARN_CONSTANT_CONVERSION = YES;
				CLANG_WARN_DIRECT_OBJC_ISA_USAGE = YES_ERROR;
				CLANG_WARN_DOCUMENTATION_COMMENTS = YES;
				CLANG_WARN_EMPTY_BODY = YES;
				CLANG_WARN_ENUM_CONVERSION = YES;
				CLANG_WARN_INFINITE_RECURSION = YES;
				CLANG_WARN_INT_CONVERSION = YES;
				CLANG_WARN_OBJC_ROOT_CLASS = YES_ERROR;
				CLANG_WARN_SUSPICIOUS_MOVE = YES;
				CLANG_WARN_UNREACHABLE_CODE = YES;
				CLANG_WARN__DUPLICATE_METHOD_MATCH = YES;
				"CODE_SIGN_IDENTITY[sdk=iphoneos*]" = "iPhone Developer";
				COPY_PHASE_STRIP = NO;
				DEBUG_INFORMATION_FORMAT = "dwarf-with-dsym";
				ENABLE_NS_ASSERTIONS = NO;
				ENABLE_STRICT_OBJC_MSGSEND = YES;
				GCC_C_LANGUAGE_STANDARD = gnu99;
				GCC_NO_COMMON_BLOCKS = YES;
				GCC_WARN_64_TO_32_BIT_CONVERSION = YES;
				GCC_WARN_ABOUT_RETURN_TYPE = YES_ERROR;
				GCC_WARN_UNDECLARED_SELECTOR = YES;
				GCC_WARN_UNINITIALIZED_AUTOS = YES_AGGRESSIVE;
				GCC_WARN_UNUSED_FUNCTION = YES;
				GCC_WARN_UNUSED_VARIABLE = YES;
				IPHONEOS_DEPLOYMENT_TARGET = 10.2;
				MTL_ENABLE_DEBUG_INFO = NO;
				SDKROOT = iphoneos;
				SWIFT_OPTIMIZATION_LEVEL = "-Owholemodule";
				VALIDATE_PRODUCT = YES;
			};
			name = Release;
		};
		13CBBF5F1E10E12500B044AA /* Debug */ = {
			isa = XCBuildConfiguration;
			buildSettings = {
				ASSETCATALOG_COMPILER_APPICON_NAME = AppIcon;
				INFOPLIST_FILE = "Msg-Notification/Info.plist";
				LD_RUNPATH_SEARCH_PATHS = "$(inherited) @executable_path/Frameworks";
				PRODUCT_BUNDLE_IDENTIFIER = "kr.baek.Msg-Notification";
				PRODUCT_NAME = "$(TARGET_NAME)";
				SWIFT_VERSION = 3.0;
			};
			name = Debug;
		};
		13CBBF601E10E12500B044AA /* Release */ = {
			isa = XCBuildConfiguration;
			buildSettings = {
				ASSETCATALOG_COMPILER_APPICON_NAME = AppIcon;
				INFOPLIST_FILE = "Msg-Notification/Info.plist";
				LD_RUNPATH_SEARCH_PATHS = "$(inherited) @executable_path/Frameworks";
				PRODUCT_BUNDLE_IDENTIFIER = "kr.baek.Msg-Notification";
				PRODUCT_NAME = "$(TARGET_NAME)";
				SWIFT_VERSION = 3.0;
			};
			name = Release;
		};
/* End XCBuildConfiguration section */

/* Begin XCConfigurationList section */
		13CBBF471E10E12400B044AA /* Build configuration list for PBXProject "Msg-Notification" */ = {
			isa = XCConfigurationList;
			buildConfigurations = (
				13CBBF5C1E10E12500B044AA /* Debug */,
				13CBBF5D1E10E12500B044AA /* Release */,
			);
			defaultConfigurationIsVisible = 0;
			defaultConfigurationName = Release;
		};
		13CBBF5E1E10E12500B044AA /* Build configuration list for PBXNativeTarget "Msg-Notification" */ = {
			isa = XCConfigurationList;
			buildConfigurations = (
				13CBBF5F1E10E12500B044AA /* Debug */,
				13CBBF601E10E12500B044AA /* Release */,
			);
			defaultConfigurationIsVisible = 0;
		};
/* End XCConfigurationList section */
	};
	rootObject = 13CBBF441E10E12400B044AA /* Project object */;
}
