// !$*UTF8*$!
{
	archiveVersion = 1;
	classes = {
	};
	objectVersion = 46;
	objects = {

/* Begin PBXBuildFile section */
		1398AD521E0E208600A62B8F /* AppDelegate.swift in Sources */ = {isa = PBXBuildFile; fileRef = 1398AD511E0E208600A62B8F /* AppDelegate.swift */; };
		1398AD541E0E208600A62B8F /* ViewController.swift in Sources */ = {isa = PBXBuildFile; fileRef = 1398AD531E0E208600A62B8F /* ViewController.swift */; };
		1398AD571E0E208600A62B8F /* Main.storyboard in Resources */ = {isa = PBXBuildFile; fileRef = 1398AD551E0E208600A62B8F /* Main.storyboard */; };
		1398AD591E0E208600A62B8F /* Assets.xcassets in Resources */ = {isa = PBXBuildFile; fileRef = 1398AD581E0E208600A62B8F /* Assets.xcassets */; };
		1398AD5C1E0E208600A62B8F /* LaunchScreen.storyboard in Resources */ = {isa = PBXBuildFile; fileRef = 1398AD5A1E0E208600A62B8F /* LaunchScreen.storyboard */; };
/* End PBXBuildFile section */

/* Begin PBXFileReference section */
		1398AD4E1E0E208600A62B8F /* Msg-AlertController.app */ = {isa = PBXFileReference; explicitFileType = wrapper.application; includeInIndex = 0; path = "Msg-AlertController.app"; sourceTree = BUILT_PRODUCTS_DIR; };
		1398AD511E0E208600A62B8F /* AppDelegate.swift */ = {isa = PBXFileReference; lastKnownFileType = sourcecode.swift; path = AppDelegate.swift; sourceTree = "<group>"; };
		1398AD531E0E208600A62B8F /* ViewController.swift */ = {isa = PBXFileReference; lastKnownFileType = sourcecode.swift; path = ViewController.swift; sourceTree = "<group>"; };
		1398AD561E0E208600A62B8F /* Base */ = {isa = PBXFileReference; lastKnownFileType = file.storyboard; name = Base; path = Base.lproj/Main.storyboard; sourceTree = "<group>"; };
		1398AD581E0E208600A62B8F /* Assets.xcassets */ = {isa = PBXFileReference; lastKnownFileType = folder.assetcatalog; path = Assets.xcassets; sourceTree = "<group>"; };
		1398AD5B1E0E208600A62B8F /* Base */ = {isa = PBXFileReference; lastKnownFileType = file.storyboard; name = Base; path = Base.lproj/LaunchScreen.storyboard; sourceTree = "<group>"; };
		1398AD5D1E0E208600A62B8F /* Info.plist */ = {isa = PBXFileReference; lastKnownFileType = text.plist.xml; path = Info.plist; sourceTree = "<group>"; };
/* End PBXFileReference section */

/* Begin PBXFrameworksBuildPhase section */
		1398AD4B1E0E208600A62B8F /* Frameworks */ = {
			isa = PBXFrameworksBuildPhase;
			buildActionMask = 2147483647;
			files = (
			);
			runOnlyForDeploymentPostprocessing = 0;
		};
/* End PBXFrameworksBuildPhase section */

/* Begin PBXGroup section */
		1398AD451E0E208600A62B8F = {
			isa = PBXGroup;
			children = (
				1398AD501E0E208600A62B8F /* Msg-AlertController */,
				1398AD4F1E0E208600A62B8F /* Products */,
			);
			sourceTree = "<group>";
		};
		1398AD4F1E0E208600A62B8F /* Products */ = {
			isa = PBXGroup;
			children = (
				1398AD4E1E0E208600A62B8F /* Msg-AlertController.app */,
			);
			name = Products;
			sourceTree = "<group>";
		};
		1398AD501E0E208600A62B8F /* Msg-AlertController */ = {
			isa = PBXGroup;
			children = (
				1398AD511E0E208600A62B8F /* AppDelegate.swift */,
				1398AD531E0E208600A62B8F /* ViewController.swift */,
				1398AD551E0E208600A62B8F /* Main.storyboard */,
				1398AD581E0E208600A62B8F /* Assets.xcassets */,
				1398AD5A1E0E208600A62B8F /* LaunchScreen.storyboard */,
				1398AD5D1E0E208600A62B8F /* Info.plist */,
			);
			path = "Msg-AlertController";
			sourceTree = "<group>";
		};
/* End PBXGroup section */

/* Begin PBXNativeTarget section */
		1398AD4D1E0E208600A62B8F /* Msg-AlertController */ = {
			isa = PBXNativeTarget;
			buildConfigurationList = 1398AD601E0E208600A62B8F /* Build configuration list for PBXNativeTarget "Msg-AlertController" */;
			buildPhases = (
				1398AD4A1E0E208600A62B8F /* Sources */,
				1398AD4B1E0E208600A62B8F /* Frameworks */,
				1398AD4C1E0E208600A62B8F /* Resources */,
			);
			buildRules = (
			);
			dependencies = (
			);
			name = "Msg-AlertController";
			productName = "Msg-AlertController";
			productReference = 1398AD4E1E0E208600A62B8F /* Msg-AlertController.app */;
			productType = "com.apple.product-type.application";
		};
/* End PBXNativeTarget section */

/* Begin PBXProject section */
		1398AD461E0E208600A62B8F /* Project object */ = {
			isa = PBXProject;
			attributes = {
				LastSwiftUpdateCheck = 0820;
				LastUpgradeCheck = 0820;
				ORGANIZATIONNAME = "JaeBaek Lee";
				TargetAttributes = {
					1398AD4D1E0E208600A62B8F = {
						CreatedOnToolsVersion = 8.2.1;
						ProvisioningStyle = Automatic;
					};
				};
			};
			buildConfigurationList = 1398AD491E0E208600A62B8F /* Build configuration list for PBXProject "Msg-AlertController" */;
			compatibilityVersion = "Xcode 3.2";
			developmentRegion = English;
			hasScannedForEncodings = 0;
			knownRegions = (
				en,
				Base,
			);
			mainGroup = 1398AD451E0E208600A62B8F;
			productRefGroup = 1398AD4F1E0E208600A62B8F /* Products */;
			projectDirPath = "";
			projectRoot = "";
			targets = (
				1398AD4D1E0E208600A62B8F /* Msg-AlertController */,
			);
		};
/* End PBXProject section */

/* Begin PBXResourcesBuildPhase section */
		1398AD4C1E0E208600A62B8F /* Resources */ = {
			isa = PBXResourcesBuildPhase;
			buildActionMask = 2147483647;
			files = (
				1398AD5C1E0E208600A62B8F /* LaunchScreen.storyboard in Resources */,
				1398AD591E0E208600A62B8F /* Assets.xcassets in Resources */,
				1398AD571E0E208600A62B8F /* Main.storyboard in Resources */,
			);
			runOnlyForDeploymentPostprocessing = 0;
		};
/* End PBXResourcesBuildPhase section */

/* Begin PBXSourcesBuildPhase section */
		1398AD4A1E0E208600A62B8F /* Sources */ = {
			isa = PBXSourcesBuildPhase;
			buildActionMask = 2147483647;
			files = (
				1398AD541E0E208600A62B8F /* ViewController.swift in Sources */,
				1398AD521E0E208600A62B8F /* AppDelegate.swift in Sources */,
			);
			runOnlyForDeploymentPostprocessing = 0;
		};
/* End PBXSourcesBuildPhase section */

/* Begin PBXVariantGroup section */
		1398AD551E0E208600A62B8F /* Main.storyboard */ = {
			isa = PBXVariantGroup;
			children = (
				1398AD561E0E208600A62B8F /* Base */,
			);
			name = Main.storyboard;
			sourceTree = "<group>";
		};
		1398AD5A1E0E208600A62B8F /* LaunchScreen.storyboard */ = {
			isa = PBXVariantGroup;
			children = (
				1398AD5B1E0E208600A62B8F /* Base */,
			);
			name = LaunchScreen.storyboard;
			sourceTree = "<group>";
		};
/* End PBXVariantGroup section */

/* Begin XCBuildConfiguration section */
		1398AD5E1E0E208600A62B8F /* Debug */ = {
			isa = XCBuildConfiguration;
			buildSettings = {
				ALWAYS_SEARCH_USER_PATHS = NO;
				CLANG_ANALYZER_NONNULL = YES;
				CLANG_CXX_LANGUAGE_STANDARD = "gnu++0x";
				CLANG_CXX_LIBRARY = "libc++";
				CLANG_ENABLE_MODULES = YES;
				CLANG_ENABLE_OBJC_ARC = YES;
				CLANG_WARN_BOOL_CONVERSION = YES;
				CLANG_WARN_CONSTANT_CONVERSION = YES;
				CLANG_WARN_DIRECT_OBJC_ISA_USAGE = YES_ERROR;
				CLANG_WARN_DOCUMENTATION_COMMENTS = YES;
				CLANG_WARN_EMPTY_BODY = YES;
				CLANG_WARN_ENUM_CONVERSION = YES;
				CLANG_WARN_INFINITE_RECURSION = YES;
				CLANG_WARN_INT_CONVERSION = YES;
				CLANG_WARN_OBJC_ROOT_CLASS = YES_ERROR;
				CLANG_WARN_SUSPICIOUS_MOVE = YES;
				CLANG_WARN_UNREACHABLE_CODE = YES;
				CLANG_WARN__DUPLICATE_METHOD_MATCH = YES;
				"CODE_SIGN_IDENTITY[sdk=iphoneos*]" = "iPhone Developer";
				COPY_PHASE_STRIP = NO;
				DEBUG_INFORMATION_FORMAT = dwarf;
				ENABLE_STRICT_OBJC_MSGSEND = YES;
				ENABLE_TESTABILITY = YES;
				GCC_C_LANGUAGE_STANDARD = gnu99;
				GCC_DYNAMIC_NO_PIC = NO;
				GCC_NO_COMMON_BLOCKS = YES;
				GCC_OPTIMIZATION_LEVEL = 0;
				GCC_PREPROCESSOR_DEFINITIONS = (
					"DEBUG=1",
					"$(inherited)",
				);
				GCC_WARN_64_TO_32_BIT_CONVERSION = YES;
				GCC_WARN_ABOUT_RETURN_TYPE = YES_ERROR;
				GCC_WARN_UNDECLARED_SELECTOR = YES;
				GCC_WARN_UNINITIALIZED_AUTOS = YES_AGGRESSIVE;
				GCC_WARN_UNUSED_FUNCTION = YES;
				GCC_WARN_UNUSED_VARIABLE = YES;
				IPHONEOS_DEPLOYMENT_TARGET = 10.2;
				MTL_ENABLE_DEBUG_INFO = YES;
				ONLY_ACTIVE_ARCH = YES;
				SDKROOT = iphoneos;
				SWIFT_ACTIVE_COMPILATION_CONDITIONS = DEBUG;
				SWIFT_OPTIMIZATION_LEVEL = "-Onone";
			};
			name = Debug;
		};
		1398AD5F1E0E208600A62B8F /* Release */ = {
			isa = XCBuildConfiguration;
			buildSettings = {
				ALWAYS_SEARCH_USER_PATHS = NO;
				CLANG_ANALYZER_NONNULL = YES;
				CLANG_CXX_LANGUAGE_STANDARD = "gnu++0x";
				CLANG_CXX_LIBRARY = "libc++";
				CLANG_ENABLE_MODULES = YES;
				CLANG_ENABLE_OBJC_ARC = YES;
				CLANG_WARN_BOOL_CONVERSION = YES;
				CLANG_WARN_CONSTANT_CONVERSION = YES;
				CLANG_WARN_DIRECT_OBJC_ISA_USAGE = YES_ERROR;
				CLANG_WARN_DOCUMENTATION_COMMENTS = YES;
				CLANG_WARN_EMPTY_BODY = YES;
				CLANG_WARN_ENUM_CONVERSION = YES;
				CLANG_WARN_INFINITE_RECURSION = YES;
				CLANG_WARN_INT_CONVERSION = YES;
				CLANG_WARN_OBJC_ROOT_CLASS = YES_ERROR;
				CLANG_WARN_SUSPICIOUS_MOVE = YES;
				CLANG_WARN_UNREACHABLE_CODE = YES;
				CLANG_WARN__DUPLICATE_METHOD_MATCH = YES;
				"CODE_SIGN_IDENTITY[sdk=iphoneos*]" = "iPhone Developer";
				COPY_PHASE_STRIP = NO;
				DEBUG_INFORMATION_FORMAT = "dwarf-with-dsym";
				ENABLE_NS_ASSERTIONS = NO;
				ENABLE_STRICT_OBJC_MSGSEND = YES;
				GCC_C_LANGUAGE_STANDARD = gnu99;
				GCC_NO_COMMON_BLOCKS = YES;
				GCC_WARN_64_TO_32_BIT_CONVERSION = YES;
				GCC_WARN_ABOUT_RETURN_TYPE = YES_ERROR;
				GCC_WARN_UNDECLARED_SELECTOR = YES;
				GCC_WARN_UNINITIALIZED_AUTOS = YES_AGGRESSIVE;
				GCC_WARN_UNUSED_FUNCTION = YES;
				GCC_WARN_UNUSED_VARIABLE = YES;
				IPHONEOS_DEPLOYMENT_TARGET = 10.2;
				MTL_ENABLE_DEBUG_INFO = NO;
				SDKROOT = iphoneos;
				SWIFT_OPTIMIZATION_LEVEL = "-Owholemodule";
				VALIDATE_PRODUCT = YES;
			};
			name = Release;
		};
		1398AD611E0E208600A62B8F /* Debug */ = {
			isa = XCBuildConfiguration;
			buildSettings = {
				ASSETCATALOG_COMPILER_APPICON_NAME = AppIcon;
				INFOPLIST_FILE = "Msg-AlertController/Info.plist";
				LD_RUNPATH_SEARCH_PATHS = "$(inherited) @executable_path/Frameworks";
				PRODUCT_BUNDLE_IDENTIFIER = "kr.baek.Msg-AlertController";
				PRODUCT_NAME = "$(TARGET_NAME)";
				SWIFT_VERSION = 3.0;
			};
			name = Debug;
		};
		1398AD621E0E208600A62B8F /* Release */ = {
			isa = XCBuildConfiguration;
			buildSettings = {
				ASSETCATALOG_COMPILER_APPICON_NAME = AppIcon;
				INFOPLIST_FILE = "Msg-AlertController/Info.plist";
				LD_RUNPATH_SEARCH_PATHS = "$(inherited) @executable_path/Frameworks";
				PRODUCT_BUNDLE_IDENTIFIER = "kr.baek.Msg-AlertController";
				PRODUCT_NAME = "$(TARGET_NAME)";
				SWIFT_VERSION = 3.0;
			};
			name = Release;
		};
/* End XCBuildConfiguration section */

/* Begin XCConfigurationList section */
		1398AD491E0E208600A62B8F /* Build configuration list for PBXProject "Msg-AlertController" */ = {
			isa = XCConfigurationList;
			buildConfigurations = (
				1398AD5E1E0E208600A62B8F /* Debug */,
				1398AD5F1E0E208600A62B8F /* Release */,
			);
			defaultConfigurationIsVisible = 0;
			defaultConfigurationName = Release;
		};
		1398AD601E0E208600A62B8F /* Build configuration list for PBXNativeTarget "Msg-AlertController" */ = {
			isa = XCConfigurationList;
			buildConfigurations = (
				1398AD611E0E208600A62B8F /* Debug */,
				1398AD621E0E208600A62B8F /* Release */,
			);
			defaultConfigurationIsVisible = 0;
		};
/* End XCConfigurationList section */
	};
	rootObject = 1398AD461E0E208600A62B8F /* Project object */;
}
