// !$*UTF8*$!
{
	archiveVersion = 1;
	classes = {
	};
	objectVersion = 46;
	objects = {

/* Begin PBXBuildFile section */
		135F067E1E00EAB800452618 /* Page2ViewController.swift in Sources */ = {isa = PBXBuildFile; fileRef = 135F067D1E00EAB800452618 /* Page2ViewController.swift */; };
		13A7F37C1E003F1A00314F6D /* AppDelegate.swift in Sources */ = {isa = PBXBuildFile; fileRef = 13A7F37B1E003F1A00314F6D /* AppDelegate.swift */; };
		13A7F37E1E003F1A00314F6D /* ViewController.swift in Sources */ = {isa = PBXBuildFile; fileRef = 13A7F37D1E003F1A00314F6D /* ViewController.swift */; };
		13A7F3811E003F1A00314F6D /* Main.storyboard in Resources */ = {isa = PBXBuildFile; fileRef = 13A7F37F1E003F1A00314F6D /* Main.storyboard */; };
		13A7F3831E003F1A00314F6D /* Assets.xcassets in Resources */ = {isa = PBXBuildFile; fileRef = 13A7F3821E003F1A00314F6D /* Assets.xcassets */; };
		13A7F3861E003F1A00314F6D /* LaunchScreen.storyboard in Resources */ = {isa = PBXBuildFile; fileRef = 13A7F3841E003F1A00314F6D /* LaunchScreen.storyboard */; };
/* End PBXBuildFile section */

/* Begin PBXFileReference section */
		135F067D1E00EAB800452618 /* Page2ViewController.swift */ = {isa = PBXFileReference; fileEncoding = 4; lastKnownFileType = sourcecode.swift; path = Page2ViewController.swift; sourceTree = "<group>"; };
		13A7F3781E003F1A00314F6D /* Scene-MultiUnwind.app */ = {isa = PBXFileReference; explicitFileType = wrapper.application; includeInIndex = 0; path = "Scene-MultiUnwind.app"; sourceTree = BUILT_PRODUCTS_DIR; };
		13A7F37B1E003F1A00314F6D /* AppDelegate.swift */ = {isa = PBXFileReference; lastKnownFileType = sourcecode.swift; path = AppDelegate.swift; sourceTree = "<group>"; };
		13A7F37D1E003F1A00314F6D /* ViewController.swift */ = {isa = PBXFileReference; lastKnownFileType = sourcecode.swift; path = ViewController.swift; sourceTree = "<group>"; };
		13A7F3801E003F1A00314F6D /* Base */ = {isa = PBXFileReference; lastKnownFileType = file.storyboard; name = Base; path = Base.lproj/Main.storyboard; sourceTree = "<group>"; };
		13A7F3821E003F1A00314F6D /* Assets.xcassets */ = {isa = PBXFileReference; lastKnownFileType = folder.assetcatalog; path = Assets.xcassets; sourceTree = "<group>"; };
		13A7F3851E003F1A00314F6D /* Base */ = {isa = PBXFileReference; lastKnownFileType = file.storyboard; name = Base; path = Base.lproj/LaunchScreen.storyboard; sourceTree = "<group>"; };
		13A7F3871E003F1A00314F6D /* Info.plist */ = {isa = PBXFileReference; lastKnownFileType = text.plist.xml; path = Info.plist; sourceTree = "<group>"; };
/* End PBXFileReference section */

/* Begin PBXFrameworksBuildPhase section */
		13A7F3751E003F1A00314F6D /* Frameworks */ = {
			isa = PBXFrameworksBuildPhase;
			buildActionMask = 2147483647;
			files = (
			);
			runOnlyForDeploymentPostprocessing = 0;
		};
/* End PBXFrameworksBuildPhase section */

/* Begin PBXGroup section */
		13A7F36F1E003F1900314F6D = {
			isa = PBXGroup;
			children = (
				13A7F37A1E003F1A00314F6D /* Scene-MultiUnwind */,
				13A7F3791E003F1A00314F6D /* Products */,
			);
			sourceTree = "<group>";
		};
		13A7F3791E003F1A00314F6D /* Products */ = {
			isa = PBXGroup;
			children = (
				13A7F3781E003F1A00314F6D /* Scene-MultiUnwind.app */,
			);
			name = Products;
			sourceTree = "<group>";
		};
		13A7F37A1E003F1A00314F6D /* Scene-MultiUnwind */ = {
			isa = PBXGroup;
			children = (
				13A7F37B1E003F1A00314F6D /* AppDelegate.swift */,
				13A7F37D1E003F1A00314F6D /* ViewController.swift */,
				135F067D1E00EAB800452618 /* Page2ViewController.swift */,
				13A7F37F1E003F1A00314F6D /* Main.storyboard */,
				13A7F3821E003F1A00314F6D /* Assets.xcassets */,
				13A7F3841E003F1A00314F6D /* LaunchScreen.storyboard */,
				13A7F3871E003F1A00314F6D /* Info.plist */,
			);
			path = "Scene-MultiUnwind";
			sourceTree = "<group>";
		};
/* End PBXGroup section */

/* Begin PBXNativeTarget section */
		13A7F3771E003F1A00314F6D /* Scene-MultiUnwind */ = {
			isa = PBXNativeTarget;
			buildConfigurationList = 13A7F38A1E003F1A00314F6D /* Build configuration list for PBXNativeTarget "Scene-MultiUnwind" */;
			buildPhases = (
				13A7F3741E003F1A00314F6D /* Sources */,
				13A7F3751E003F1A00314F6D /* Frameworks */,
				13A7F3761E003F1A00314F6D /* Resources */,
			);
			buildRules = (
			);
			dependencies = (
			);
			name = "Scene-MultiUnwind";
			productName = "Scene-MultiUnwind";
			productReference = 13A7F3781E003F1A00314F6D /* Scene-MultiUnwind.app */;
			productType = "com.apple.product-type.application";
		};
/* End PBXNativeTarget section */

/* Begin PBXProject section */
		13A7F3701E003F1900314F6D /* Project object */ = {
			isa = PBXProject;
			attributes = {
				LastSwiftUpdateCheck = 0810;
				LastUpgradeCheck = 0810;
				ORGANIZATIONNAME = "JaeBaek Lee";
				TargetAttributes = {
					13A7F3771E003F1A00314F6D = {
						CreatedOnToolsVersion = 8.1;
						ProvisioningStyle = Automatic;
					};
				};
			};
			buildConfigurationList = 13A7F3731E003F1900314F6D /* Build configuration list for PBXProject "Scene-MultiUnwind" */;
			compatibilityVersion = "Xcode 3.2";
			developmentRegion = English;
			hasScannedForEncodings = 0;
			knownRegions = (
				en,
				Base,
			);
			mainGroup = 13A7F36F1E003F1900314F6D;
			productRefGroup = 13A7F3791E003F1A00314F6D /* Products */;
			projectDirPath = "";
			projectRoot = "";
			targets = (
				13A7F3771E003F1A00314F6D /* Scene-MultiUnwind */,
			);
		};
/* End PBXProject section */

/* Begin PBXResourcesBuildPhase section */
		13A7F3761E003F1A00314F6D /* Resources */ = {
			isa = PBXResourcesBuildPhase;
			buildActionMask = 2147483647;
			files = (
				13A7F3861E003F1A00314F6D /* LaunchScreen.storyboard in Resources */,
				13A7F3831E003F1A00314F6D /* Assets.xcassets in Resources */,
				13A7F3811E003F1A00314F6D /* Main.storyboard in Resources */,
			);
			runOnlyForDeploymentPostprocessing = 0;
		};
/* End PBXResourcesBuildPhase section */

/* Begin PBXSourcesBuildPhase section */
		13A7F3741E003F1A00314F6D /* Sources */ = {
			isa = PBXSourcesBuildPhase;
			buildActionMask = 2147483647;
			files = (
				13A7F37E1E003F1A00314F6D /* ViewController.swift in Sources */,
				135F067E1E00EAB800452618 /* Page2ViewController.swift in Sources */,
				13A7F37C1E003F1A00314F6D /* AppDelegate.swift in Sources */,
			);
			runOnlyForDeploymentPostprocessing = 0;
		};
/* End PBXSourcesBuildPhase section */

/* Begin PBXVariantGroup section */
		13A7F37F1E003F1A00314F6D /* Main.storyboard */ = {
			isa = PBXVariantGroup;
			children = (
				13A7F3801E003F1A00314F6D /* Base */,
			);
			name = Main.storyboard;
			sourceTree = "<group>";
		};
		13A7F3841E003F1A00314F6D /* LaunchScreen.storyboard */ = {
			isa = PBXVariantGroup;
			children = (
				13A7F3851E003F1A00314F6D /* Base */,
			);
			name = LaunchScreen.storyboard;
			sourceTree = "<group>";
		};
/* End PBXVariantGroup section */

/* Begin XCBuildConfiguration section */
		13A7F3881E003F1A00314F6D /* Debug */ = {
			isa = XCBuildConfiguration;
			buildSettings = {
				ALWAYS_SEARCH_USER_PATHS = NO;
				CLANG_ANALYZER_NONNULL = YES;
				CLANG_CXX_LANGUAGE_STANDARD = "gnu++0x";
				CLANG_CXX_LIBRARY = "libc++";
				CLANG_ENABLE_MODULES = YES;
				CLANG_ENABLE_OBJC_ARC = YES;
				CLANG_WARN_BOOL_CONVERSION = YES;
				CLANG_WARN_CONSTANT_CONVERSION = YES;
				CLANG_WARN_DIRECT_OBJC_ISA_USAGE = YES_ERROR;
				CLANG_WARN_DOCUMENTATION_COMMENTS = YES;
				CLANG_WARN_EMPTY_BODY = YES;
				CLANG_WARN_ENUM_CONVERSION = YES;
				CLANG_WARN_INFINITE_RECURSION = YES;
				CLANG_WARN_INT_CONVERSION = YES;
				CLANG_WARN_OBJC_ROOT_CLASS = YES_ERROR;
				CLANG_WARN_SUSPICIOUS_MOVES = YES;
				CLANG_WARN_UNREACHABLE_CODE = YES;
				CLANG_WARN__DUPLICATE_METHOD_MATCH = YES;
				"CODE_SIGN_IDENTITY[sdk=iphoneos*]" = "iPhone Developer";
				COPY_PHASE_STRIP = NO;
				DEBUG_INFORMATION_FORMAT = dwarf;
				ENABLE_STRICT_OBJC_MSGSEND = YES;
				ENABLE_TESTABILITY = YES;
				GCC_C_LANGUAGE_STANDARD = gnu99;
				GCC_DYNAMIC_NO_PIC = NO;
				GCC_NO_COMMON_BLOCKS = YES;
				GCC_OPTIMIZATION_LEVEL = 0;
				GCC_PREPROCESSOR_DEFINITIONS = (
					"DEBUG=1",
					"$(inherited)",
				);
				GCC_WARN_64_TO_32_BIT_CONVERSION = YES;
				GCC_WARN_ABOUT_RETURN_TYPE = YES_ERROR;
				GCC_WARN_UNDECLARED_SELECTOR = YES;
				GCC_WARN_UNINITIALIZED_AUTOS = YES_AGGRESSIVE;
				GCC_WARN_UNUSED_FUNCTION = YES;
				GCC_WARN_UNUSED_VARIABLE = YES;
				IPHONEOS_DEPLOYMENT_TARGET = 10.1;
				MTL_ENABLE_DEBUG_INFO = YES;
				ONLY_ACTIVE_ARCH = YES;
				SDKROOT = iphoneos;
				SWIFT_ACTIVE_COMPILATION_CONDITIONS = DEBUG;
				SWIFT_OPTIMIZATION_LEVEL = "-Onone";
			};
			name = Debug;
		};
		13A7F3891E003F1A00314F6D /* Release */ = {
			isa = XCBuildConfiguration;
			buildSettings = {
				ALWAYS_SEARCH_USER_PATHS = NO;
				CLANG_ANALYZER_NONNULL = YES;
				CLANG_CXX_LANGUAGE_STANDARD = "gnu++0x";
				CLANG_CXX_LIBRARY = "libc++";
				CLANG_ENABLE_MODULES = YES;
				CLANG_ENABLE_OBJC_ARC = YES;
				CLANG_WARN_BOOL_CONVERSION = YES;
				CLANG_WARN_CONSTANT_CONVERSION = YES;
				CLANG_WARN_DIRECT_OBJC_ISA_USAGE = YES_ERROR;
				CLANG_WARN_DOCUMENTATION_COMMENTS = YES;
				CLANG_WARN_EMPTY_BODY = YES;
				CLANG_WARN_ENUM_CONVERSION = YES;
				CLANG_WARN_INFINITE_RECURSION = YES;
				CLANG_WARN_INT_CONVERSION = YES;
				CLANG_WARN_OBJC_ROOT_CLASS = YES_ERROR;
				CLANG_WARN_SUSPICIOUS_MOVES = YES;
				CLANG_WARN_UNREACHABLE_CODE = YES;
				CLANG_WARN__DUPLICATE_METHOD_MATCH = YES;
				"CODE_SIGN_IDENTITY[sdk=iphoneos*]" = "iPhone Developer";
				COPY_PHASE_STRIP = NO;
				DEBUG_INFORMATION_FORMAT = "dwarf-with-dsym";
				ENABLE_NS_ASSERTIONS = NO;
				ENABLE_STRICT_OBJC_MSGSEND = YES;
				GCC_C_LANGUAGE_STANDARD = gnu99;
				GCC_NO_COMMON_BLOCKS = YES;
				GCC_WARN_64_TO_32_BIT_CONVERSION = YES;
				GCC_WARN_ABOUT_RETURN_TYPE = YES_ERROR;
				GCC_WARN_UNDECLARED_SELECTOR = YES;
				GCC_WARN_UNINITIALIZED_AUTOS = YES_AGGRESSIVE;
				GCC_WARN_UNUSED_FUNCTION = YES;
				GCC_WARN_UNUSED_VARIABLE = YES;
				IPHONEOS_DEPLOYMENT_TARGET = 10.1;
				MTL_ENABLE_DEBUG_INFO = NO;
				SDKROOT = iphoneos;
				SWIFT_OPTIMIZATION_LEVEL = "-Owholemodule";
				VALIDATE_PRODUCT = YES;
			};
			name = Release;
		};
		13A7F38B1E003F1A00314F6D /* Debug */ = {
			isa = XCBuildConfiguration;
			buildSettings = {
				ASSETCATALOG_COMPILER_APPICON_NAME = AppIcon;
				INFOPLIST_FILE = "Scene-MultiUnwind/Info.plist";
				LD_RUNPATH_SEARCH_PATHS = "$(inherited) @executable_path/Frameworks";
				PRODUCT_BUNDLE_IDENTIFIER = "kr.baek.Scene-MultiUnwind";
				PRODUCT_NAME = "$(TARGET_NAME)";
				SWIFT_VERSION = 3.0;
			};
			name = Debug;
		};
		13A7F38C1E003F1A00314F6D /* Release */ = {
			isa = XCBuildConfiguration;
			buildSettings = {
				ASSETCATALOG_COMPILER_APPICON_NAME = AppIcon;
				INFOPLIST_FILE = "Scene-MultiUnwind/Info.plist";
				LD_RUNPATH_SEARCH_PATHS = "$(inherited) @executable_path/Frameworks";
				PRODUCT_BUNDLE_IDENTIFIER = "kr.baek.Scene-MultiUnwind";
				PRODUCT_NAME = "$(TARGET_NAME)";
				SWIFT_VERSION = 3.0;
			};
			name = Release;
		};
/* End XCBuildConfiguration section */

/* Begin XCConfigurationList section */
		13A7F3731E003F1900314F6D /* Build configuration list for PBXProject "Scene-MultiUnwind" */ = {
			isa = XCConfigurationList;
			buildConfigurations = (
				13A7F3881E003F1A00314F6D /* Debug */,
				13A7F3891E003F1A00314F6D /* Release */,
			);
			defaultConfigurationIsVisible = 0;
			defaultConfigurationName = Release;
		};
		13A7F38A1E003F1A00314F6D /* Build configuration list for PBXNativeTarget "Scene-MultiUnwind" */ = {
			isa = XCConfigurationList;
			buildConfigurations = (
				13A7F38B1E003F1A00314F6D /* Debug */,
				13A7F38C1E003F1A00314F6D /* Release */,
			);
			defaultConfigurationIsVisible = 0;
			defaultConfigurationName = Release;
		};
/* End XCConfigurationList section */
	};
	rootObject = 13A7F3701E003F1900314F6D /* Project object */;
}
